<?xml version="1.0" encoding="utf-8"?>
<Project ToolsVersion="4.0" xmlns="http://schemas.microsoft.com/developer/msbuild/2003">
  <ItemGroup>
    <Filter Include="源文件">
      <UniqueIdentifier>{4FC737F1-C7A5-4376-A066-2A32D752A2FF}</UniqueIdentifier>
      <Extensions>cpp;c;cc;cxx;c++;cppm;ixx;def;odl;idl;hpj;bat;asm;asmx</Extensions>
    </Filter>
    <Filter Include="头文件">
      <UniqueIdentifier>{93995380-89BD-4b04-88EB-625FBE52EBFB}</UniqueIdentifier>
      <Extensions>h;hh;hpp;hxx;h++;hm;inl;inc;ipp;xsd</Extensions>
    </Filter>
    <Filter Include="资源文件">
      <UniqueIdentifier>{67DA6AB6-F800-4c08-8B7A-83BB121AAD01}</UniqueIdentifier>
      <Extensions>rc;ico;cur;bmp;dlg;rc2;rct;bin;rgs;gif;jpg;jpeg;jpe;resx;tiff;tif;png;wav;mfcribbon-ms</Extensions>
    </Filter>
  </ItemGroup>
  <ItemGroup>
    <ClCompile Include="01 C++书写HelloWorld.cpp">
      <Filter>源文件</Filter>
    </ClCompile>
    <ClCompile Include="03 变量.cpp">
      <Filter>源文件</Filter>
    </ClCompile>
    <ClCompile Include="09 数据类型 sizeof关键字.cpp">
      <Filter>源文件</Filter>
    </ClCompile>
    <ClCompile Include="08 数据类型 整型.cpp">
      <Filter>源文件</Filter>
    </ClCompile>
    <ClCompile Include="10 数据类型 实型.cpp">
      <Filter>源文件</Filter>
    </ClCompile>
    <ClCompile Include="11 数据类型 字符型.cpp">
      <Filter>源文件</Filter>
    </ClCompile>
    <ClCompile Include="12 数据类型 转义字符.cpp">
      <Filter>源文件</Filter>
    </ClCompile>
    <ClCompile Include="13 数据类型 字符串.cpp">
      <Filter>源文件</Filter>
    </ClCompile>
    <ClCompile Include="14 数据类型 布尔类型.cpp">
      <Filter>源文件</Filter>
    </ClCompile>
    <ClCompile Include="15 数据类型 数据的输入.cpp">
      <Filter>源文件</Filter>
    </ClCompile>
    <ClCompile Include="16 运算符 算术运算符 加减乘除运算.cpp">
      <Filter>源文件</Filter>
    </ClCompile>
    <ClCompile Include="17 运算符-算术运算符-取模.cpp">
      <Filter>源文件</Filter>
    </ClCompile>
    <ClCompile Include="18 运算符-算术运算符-前置递增后置递增运算符.cpp">
      <Filter>源文件</Filter>
    </ClCompile>
    <ClCompile Include="19 运算符_赋值运算符.cpp">
      <Filter>源文件</Filter>
    </ClCompile>
    <ClCompile Include="20 运算符-比较运算符.cpp">
      <Filter>源文件</Filter>
    </ClCompile>
    <ClCompile Include="21 运算符-逻辑运算符.cpp">
      <Filter>源文件</Filter>
    </ClCompile>
    <ClCompile Include="24 程序流程结构-选择结构-单行if语句.cpp">
      <Filter>源文件</Filter>
    </ClCompile>
    <ClCompile Include="29 程序流程结构-选择结构-三目运算符.cpp">
      <Filter>源文件</Filter>
    </ClCompile>
    <ClCompile Include="30 程序流程结构-选择结构-switch.cpp">
      <Filter>源文件</Filter>
    </ClCompile>
    <ClCompile Include="31 猜数字游戏.cpp">
      <Filter>源文件</Filter>
    </ClCompile>
    <ClCompile Include="32 水仙花数.cpp">
      <Filter>源文件</Filter>
    </ClCompile>
    <ClCompile Include="33 敲桌子.cpp">
      <Filter>源文件</Filter>
    </ClCompile>
    <ClCompile Include="34 乘法口诀表.cpp">
      <Filter>源文件</Filter>
    </ClCompile>
    <ClCompile Include="35 程序流程结构-跳转语句 goto.cpp">
      <Filter>源文件</Filter>
    </ClCompile>
    <ClCompile Include="36 数组-一维数组定义.cpp">
      <Filter>源文件</Filter>
    </ClCompile>
    <ClCompile Include="37 数组-数组名的作用.cpp">
      <Filter>源文件</Filter>
    </ClCompile>
    <ClCompile Include="38 元素逆置.cpp">
      <Filter>源文件</Filter>
    </ClCompile>
    <ClCompile Include="39 冒泡排序.cpp">
      <Filter>源文件</Filter>
    </ClCompile>
    <ClCompile Include="40 数组-二维数组-定义方式.cpp">
      <Filter>源文件</Filter>
    </ClCompile>
    <ClCompile Include="41 数组-二维数组名的作用.cpp">
      <Filter>源文件</Filter>
    </ClCompile>
    <ClCompile Include="42 二维数组应用案例-考试成绩统计.cpp">
      <Filter>源文件</Filter>
    </ClCompile>
    <ClCompile Include="43 函数-函数的定义.cpp">
      <Filter>源文件</Filter>
    </ClCompile>
    <ClCompile Include="44 函数-函数的调用.cpp">
      <Filter>源文件</Filter>
    </ClCompile>
    <ClCompile Include="45 函数-值传递.cpp">
      <Filter>源文件</Filter>
    </ClCompile>
    <ClCompile Include="46 函数-函数的常见样式.cpp">
      <Filter>源文件</Filter>
    </ClCompile>
    <ClCompile Include="47 函数-函数的声明.cpp">
      <Filter>源文件</Filter>
    </ClCompile>
    <ClCompile Include="aaaa.cpp">
      <Filter>源文件</Filter>
    </ClCompile>
    <ClCompile Include="48 函数-函数分文件编写.cpp">
      <Filter>源文件</Filter>
    </ClCompile>
    <ClCompile Include="统计字符串中每个字符出现的次数.c">
      <Filter>源文件</Filter>
    </ClCompile>
    <ClCompile Include="42 数组-字符数组和字符串的区别.cpp">
      <Filter>源文件</Filter>
    </ClCompile>
  </ItemGroup>
  <ItemGroup>
    <ClInclude Include="swap.h">
      <Filter>头文件</Filter>
    </ClInclude>
  </ItemGroup>
</Project>